
Microsoft Visual Studio Solution File, Format Version 12.00
# Visual Studio Version 17
VisualStudioVersion = 17.13.35818.85 d17.13
MinimumVisualStudioVersion = 10.0.40219.1
Project("{FAE04EC0-301F-11D3-BF4B-00C04F79EFBC}") = "HocGadgetShopAPI", "HocGadgetShopAPI\HocGadgetShopAPI.csproj", "{768DB3B4-7FCF-4AC4-9FC5-CED29687CEFD}"
EndProject
Global
	GlobalSection(SolutionConfigurationPlatforms) = preSolution
		Debug|Any CPU = Debug|Any CPU
		Release|Any CPU = Release|Any CPU
	EndGlobalSection
	GlobalSection(ProjectConfigurationPlatforms) = postSolution
		{768DB3B4-7FCF-4AC4-9FC5-CED29687CEFD}.Debug|Any CPU.ActiveCfg = Debug|Any CPU
		{768DB3B4-7FCF-4AC4-9FC5-CED29687CEFD}.Debug|Any CPU.Build.0 = Debug|Any CPU
		{768DB3B4-7FCF-4AC4-9FC5-CED29687CEFD}.Release|Any CPU.ActiveCfg = Release|Any CPU
		{768DB3B4-7FCF-4AC4-9FC5-CED29687CEFD}.Release|Any CPU.Build.0 = Release|Any CPU
	EndGlobalSection
	GlobalSection(SolutionProperties) = preSolution
		HideSolutionNode = FALSE
	EndGlobalSection
	GlobalSection(ExtensibilityGlobals) = postSolution
		SolutionGuid = {C8D2D83C-78AD-40D6-9224-4797813FA846}
	EndGlobalSection
EndGlobal
